
Microsoft Visual Studio Solution File, Format Version 12.00
# Visual Studio Version 16
VisualStudioVersion = 16.0.31129.286
MinimumVisualStudioVersion = 10.0.40219.1
Project("{FAE04EC0-301F-11D3-BF4B-00C04F79EFBC}") = "g8Ejercicio1", "g8Ejercicio1\g8Ejercicio1.csproj", "{C62E9E97-9752-41C9-8D8D-EB54859AD028}"
EndProject
Global
	GlobalSection(SolutionConfigurationPlatforms) = preSolution
		Debug|Any CPU = Debug|Any CPU
		Release|Any CPU = Release|Any CPU
	EndGlobalSection
	GlobalSection(ProjectConfigurationPlatforms) = postSolution
		{C62E9E97-9752-41C9-8D8D-EB54859AD028}.Debug|Any CPU.ActiveCfg = Debug|Any CPU
		{C62E9E97-9752-41C9-8D8D-EB54859AD028}.Debug|Any CPU.Build.0 = Debug|Any CPU
		{C62E9E97-9752-41C9-8D8D-EB54859AD028}.Release|Any CPU.ActiveCfg = Release|Any CPU
		{C62E9E97-9752-41C9-8D8D-EB54859AD028}.Release|Any CPU.Build.0 = Release|Any CPU
	EndGlobalSection
	GlobalSection(SolutionProperties) = preSolution
		HideSolutionNode = FALSE
	EndGlobalSection
	GlobalSection(ExtensibilityGlobals) = postSolution
		SolutionGuid = {5780B6EE-2298-4C9A-B10D-A147E708488C}
	EndGlobalSection
EndGlobal
